// !$*UTF8*$!
{
	archiveVersion = 1;
	classes = {
	};
	objectVersion = 51;
	objects = {

/* Begin PBXBuildFile section */
		A00BBCDD2474BAEB00FC253F /* libopencore-amrwb.a in Frameworks */ = {isa = PBXBuildFile; fileRef = A00BBCCF2474BAEB00FC253F /* libopencore-amrwb.a */; };
		A00BBCDE2474BAEB00FC253F /* libopencore-amrnb.a in Frameworks */ = {isa = PBXBuildFile; fileRef = A00BBCD52474BAEB00FC253F /* libopencore-amrnb.a */; };
		A00BBCDF2474BAEB00FC253F /* wav.mm in Sources */ = {isa = PBXBuildFile; fileRef = A00BBCD82474BAEB00FC253F /* wav.mm */; };
		A00BBCE02474BAEB00FC253F /* amrFileCodec.mm in Sources */ = {isa = PBXBuildFile; fileRef = A00BBCD92474BAEB00FC253F /* amrFileCodec.mm */; };
		A00BBCE12474BAEB00FC253F /* EMVoiceConverter.mm in Sources */ = {isa = PBXBuildFile; fileRef = A00BBCDC2474BAEB00FC253F /* EMVoiceConverter.mm */; };
		A078E34E2473BC040025CE47 /* AppDelegate.m in Sources */ = {isa = PBXBuildFile; fileRef = A078E34D2473BC040025CE47 /* AppDelegate.m */; };
		A078E3542473BC040025CE47 /* ViewController.m in Sources */ = {isa = PBXBuildFile; fileRef = A078E3532473BC040025CE47 /* ViewController.m */; };
		A078E3592473BC080025CE47 /* Assets.xcassets in Resources */ = {isa = PBXBuildFile; fileRef = A078E3582473BC080025CE47 /* Assets.xcassets */; };
		A078E35C2473BC080025CE47 /* LaunchScreen.storyboard in Resources */ = {isa = PBXBuildFile; fileRef = A078E35A2473BC080025CE47 /* LaunchScreen.storyboard */; };
		A078E35F2473BC080025CE47 /* main.m in Sources */ = {isa = PBXBuildFile; fileRef = A078E35E2473BC080025CE47 /* main.m */; };
		A078E3692473BC080025CE47 /* TencentKeyboardTests.m in Sources */ = {isa = PBXBuildFile; fileRef = A078E3682473BC080025CE47 /* TencentKeyboardTests.m */; };
		A078E3742473BC080025CE47 /* TencentKeyboardUITests.m in Sources */ = {isa = PBXBuildFile; fileRef = A078E3732473BC080025CE47 /* TencentKeyboardUITests.m */; };
		A078E3872473BCAD0025CE47 /* LLInputBar.m in Sources */ = {isa = PBXBuildFile; fileRef = A078E3862473BCAD0025CE47 /* LLInputBar.m */; };
		A078E38A2473BCCA0025CE47 /* LLFaceView.m in Sources */ = {isa = PBXBuildFile; fileRef = A078E3892473BCCA0025CE47 /* LLFaceView.m */; };
		A078E38D2473BCDB0025CE47 /* LLMenuView.m in Sources */ = {isa = PBXBuildFile; fileRef = A078E38C2473BCDB0025CE47 /* LLMenuView.m */; };
		A078E3902473BCED0025CE47 /* LLMoreView.m in Sources */ = {isa = PBXBuildFile; fileRef = A078E38E2473BCED0025CE47 /* LLMoreView.m */; };
		A078E3942473BD1D0025CE47 /* LLMenuCell.m in Sources */ = {isa = PBXBuildFile; fileRef = A078E3922473BD1D0025CE47 /* LLMenuCell.m */; };
		A078E39A2473BD4B0025CE47 /* LLInputMoreCellData.m in Sources */ = {isa = PBXBuildFile; fileRef = A078E3982473BD4A0025CE47 /* LLInputMoreCellData.m */; };
		A078E39D2473BD790025CE47 /* LLUIKit.m in Sources */ = {isa = PBXBuildFile; fileRef = A078E39B2473BD790025CE47 /* LLUIKit.m */; };
		A078E3A02473BD8F0025CE47 /* LLResponderTextView.m in Sources */ = {isa = PBXBuildFile; fileRef = A078E39F2473BD8E0025CE47 /* LLResponderTextView.m */; };
		A078E3A32473BDAB0025CE47 /* LLFaceCell.m in Sources */ = {isa = PBXBuildFile; fileRef = A078E3A22473BDAA0025CE47 /* LLFaceCell.m */; };
		A078E3A62473BDC20025CE47 /* LLKitConfig.m in Sources */ = {isa = PBXBuildFile; fileRef = A078E3A42473BDC20025CE47 /* LLKitConfig.m */; };
		A078E3A92473BE5D0025CE47 /* UIImage+TUIKIT.m in Sources */ = {isa = PBXBuildFile; fileRef = A078E3A82473BE5D0025CE47 /* UIImage+TUIKIT.m */; };
		A078E3AC2473BE8F0025CE47 /* LLImageCache.m in Sources */ = {isa = PBXBuildFile; fileRef = A078E3AB2473BE8F0025CE47 /* LLImageCache.m */; };
		A078E3B22473BF0F0025CE47 /* LLHelper.m in Sources */ = {isa = PBXBuildFile; fileRef = A078E3B12473BF0F0025CE47 /* LLHelper.m */; };
		A078E3B52473BFD50025CE47 /* LLRecordView.m in Sources */ = {isa = PBXBuildFile; fileRef = A078E3B42473BFD50025CE47 /* LLRecordView.m */; };
		A078E3BB2473C30F0025CE47 /* TUIKitResource.bundle in Resources */ = {isa = PBXBuildFile; fileRef = A078E3B92473C30F0025CE47 /* TUIKitResource.bundle */; };
		A078E3BC2473C30F0025CE47 /* TUIKitFace.bundle in Resources */ = {isa = PBXBuildFile; fileRef = A078E3BA2473C30F0025CE47 /* TUIKitFace.bundle */; };
		A0BCAD972591A6B400334B7C /* LLInputController.m in Sources */ = {isa = PBXBuildFile; fileRef = A0BCAD952591A6B400334B7C /* LLInputController.m */; };
		A0BCADA72591C68F00334B7C /* MessageUtil.m in Sources */ = {isa = PBXBuildFile; fileRef = A0BCADA62591C68F00334B7C /* MessageUtil.m */; };
		CFCCFC251E9367084D5F2E88 /* Pods_TencentKeyboard.framework in Frameworks */ = {isa = PBXBuildFile; fileRef = 8DBC5515A807B19CD804C577 /* Pods_TencentKeyboard.framework */; };
		D1747DC255E08A099B38F652 /* Pods_TencentKeyboard_TencentKeyboardUITests.framework in Frameworks */ = {isa = PBXBuildFile; fileRef = B638BE602F3F2309F84B110E /* Pods_TencentKeyboard_TencentKeyboardUITests.framework */; };
		FA886410C21D8F0361F50200 /* Pods_TencentKeyboardTests.framework in Frameworks */ = {isa = PBXBuildFile; fileRef = FDA373B565FE47B442ACD5BF /* Pods_TencentKeyboardTests.framework */; };
/* End PBXBuildFile section */

/* Begin PBXContainerItemProxy section */
		A078E3652473BC080025CE47 /* PBXContainerItemProxy */ = {
			isa = PBXContainerItemProxy;
			containerPortal = A078E3412473BC030025CE47 /* Project object */;
			proxyType = 1;
			remoteGlobalIDString = A078E3482473BC040025CE47;
			remoteInfo = TencentKeyboard;
		};
		A078E3702473BC080025CE47 /* PBXContainerItemProxy */ = {
			isa = PBXContainerItemProxy;
			containerPortal = A078E3412473BC030025CE47 /* Project object */;
			proxyType = 1;
			remoteGlobalIDString = A078E3482473BC040025CE47;
			remoteInfo = TencentKeyboard;
		};
/* End PBXContainerItemProxy section */

/* Begin PBXFileReference section */
		116DEA9521579EBA5BC9F0F1 /* Pods-TencentKeyboard-TencentKeyboardUITests.debug.xcconfig */ = {isa = PBXFileReference; includeInIndex = 1; lastKnownFileType = text.xcconfig; name = "Pods-TencentKeyboard-TencentKeyboardUITests.debug.xcconfig"; path = "Target Support Files/Pods-TencentKeyboard-TencentKeyboardUITests/Pods-TencentKeyboard-TencentKeyboardUITests.debug.xcconfig"; sourceTree = "<group>"; };
		8DBC5515A807B19CD804C577 /* Pods_TencentKeyboard.framework */ = {isa = PBXFileReference; explicitFileType = wrapper.framework; includeInIndex = 0; path = Pods_TencentKeyboard.framework; sourceTree = BUILT_PRODUCTS_DIR; };
		9F9193FD3F44F9A1B48A7F80 /* Pods-TencentKeyboard.debug.xcconfig */ = {isa = PBXFileReference; includeInIndex = 1; lastKnownFileType = text.xcconfig; name = "Pods-TencentKeyboard.debug.xcconfig"; path = "Target Support Files/Pods-TencentKeyboard/Pods-TencentKeyboard.debug.xcconfig"; sourceTree = "<group>"; };
		A00BBCCF2474BAEB00FC253F /* libopencore-amrwb.a */ = {isa = PBXFileReference; lastKnownFileType = archive.ar; path = "libopencore-amrwb.a"; sourceTree = "<group>"; };
		A00BBCD02474BAEB00FC253F /* if_rom.h */ = {isa = PBXFileReference; fileEncoding = 4; lastKnownFileType = sourcecode.c.h; path = if_rom.h; sourceTree = "<group>"; };
		A00BBCD12474BAEB00FC253F /* dec_if.h */ = {isa = PBXFileReference; fileEncoding = 4; lastKnownFileType = sourcecode.c.h; path = dec_if.h; sourceTree = "<group>"; };
		A00BBCD22474BAEB00FC253F /* EMVoiceConverter.h */ = {isa = PBXFileReference; fileEncoding = 4; lastKnownFileType = sourcecode.c.h; path = EMVoiceConverter.h; sourceTree = "<group>"; };
		A00BBCD42474BAEB00FC253F /* interf_dec.h */ = {isa = PBXFileReference; fileEncoding = 4; lastKnownFileType = sourcecode.c.h; path = interf_dec.h; sourceTree = "<group>"; };
		A00BBCD52474BAEB00FC253F /* libopencore-amrnb.a */ = {isa = PBXFileReference; lastKnownFileType = archive.ar; path = "libopencore-amrnb.a"; sourceTree = "<group>"; };
		A00BBCD62474BAEB00FC253F /* interf_enc.h */ = {isa = PBXFileReference; fileEncoding = 4; lastKnownFileType = sourcecode.c.h; path = interf_enc.h; sourceTree = "<group>"; };
		A00BBCD82474BAEB00FC253F /* wav.mm */ = {isa = PBXFileReference; fileEncoding = 4; lastKnownFileType = sourcecode.cpp.objcpp; path = wav.mm; sourceTree = "<group>"; };
		A00BBCD92474BAEB00FC253F /* amrFileCodec.mm */ = {isa = PBXFileReference; fileEncoding = 4; lastKnownFileType = sourcecode.cpp.objcpp; path = amrFileCodec.mm; sourceTree = "<group>"; };
		A00BBCDA2474BAEB00FC253F /* amrFileCodec.h */ = {isa = PBXFileReference; fileEncoding = 4; lastKnownFileType = sourcecode.c.h; path = amrFileCodec.h; sourceTree = "<group>"; };
		A00BBCDB2474BAEB00FC253F /* wav.h */ = {isa = PBXFileReference; fileEncoding = 4; lastKnownFileType = sourcecode.c.h; path = wav.h; sourceTree = "<group>"; };
		A00BBCDC2474BAEB00FC253F /* EMVoiceConverter.mm */ = {isa = PBXFileReference; fileEncoding = 4; lastKnownFileType = sourcecode.cpp.objcpp; path = EMVoiceConverter.mm; sourceTree = "<group>"; };
		A078E3492473BC040025CE47 /* TencentKeyboard.app */ = {isa = PBXFileReference; explicitFileType = wrapper.application; includeInIndex = 0; path = TencentKeyboard.app; sourceTree = BUILT_PRODUCTS_DIR; };
		A078E34C2473BC040025CE47 /* AppDelegate.h */ = {isa = PBXFileReference; lastKnownFileType = sourcecode.c.h; path = AppDelegate.h; sourceTree = "<group>"; };
		A078E34D2473BC040025CE47 /* AppDelegate.m */ = {isa = PBXFileReference; lastKnownFileType = sourcecode.c.objc; path = AppDelegate.m; sourceTree = "<group>"; };
		A078E3522473BC040025CE47 /* ViewController.h */ = {isa = PBXFileReference; lastKnownFileType = sourcecode.c.h; path = ViewController.h; sourceTree = "<group>"; };
		A078E3532473BC040025CE47 /* ViewController.m */ = {isa = PBXFileReference; lastKnownFileType = sourcecode.c.objc; path = ViewController.m; sourceTree = "<group>"; };
		A078E3582473BC080025CE47 /* Assets.xcassets */ = {isa = PBXFileReference; lastKnownFileType = folder.assetcatalog; path = Assets.xcassets; sourceTree = "<group>"; };
		A078E35B2473BC080025CE47 /* Base */ = {isa = PBXFileReference; lastKnownFileType = file.storyboard; name = Base; path = Base.lproj/LaunchScreen.storyboard; sourceTree = "<group>"; };
		A078E35D2473BC080025CE47 /* Info.plist */ = {isa = PBXFileReference; lastKnownFileType = text.plist.xml; path = Info.plist; sourceTree = "<group>"; };
		A078E35E2473BC080025CE47 /* main.m */ = {isa = PBXFileReference; lastKnownFileType = sourcecode.c.objc; path = main.m; sourceTree = "<group>"; };
		A078E3642473BC080025CE47 /* TencentKeyboardTests.xctest */ = {isa = PBXFileReference; explicitFileType = wrapper.cfbundle; includeInIndex = 0; path = TencentKeyboardTests.xctest; sourceTree = BUILT_PRODUCTS_DIR; };
		A078E3682473BC080025CE47 /* TencentKeyboardTests.m */ = {isa = PBXFileReference; lastKnownFileType = sourcecode.c.objc; path = TencentKeyboardTests.m; sourceTree = "<group>"; };
		A078E36A2473BC080025CE47 /* Info.plist */ = {isa = PBXFileReference; lastKnownFileType = text.plist.xml; path = Info.plist; sourceTree = "<group>"; };
		A078E36F2473BC080025CE47 /* TencentKeyboardUITests.xctest */ = {isa = PBXFileReference; explicitFileType = wrapper.cfbundle; includeInIndex = 0; path = TencentKeyboardUITests.xctest; sourceTree = BUILT_PRODUCTS_DIR; };
		A078E3732473BC080025CE47 /* TencentKeyboardUITests.m */ = {isa = PBXFileReference; lastKnownFileType = sourcecode.c.objc; path = TencentKeyboardUITests.m; sourceTree = "<group>"; };
		A078E3752473BC080025CE47 /* Info.plist */ = {isa = PBXFileReference; lastKnownFileType = text.plist.xml; path = Info.plist; sourceTree = "<group>"; };
		A078E3852473BCAD0025CE47 /* LLInputBar.h */ = {isa = PBXFileReference; fileEncoding = 4; lastKnownFileType = sourcecode.c.h; path = LLInputBar.h; sourceTree = "<group>"; };
		A078E3862473BCAD0025CE47 /* LLInputBar.m */ = {isa = PBXFileReference; fileEncoding = 4; lastKnownFileType = sourcecode.c.objc; path = LLInputBar.m; sourceTree = "<group>"; };
		A078E3882473BCCA0025CE47 /* LLFaceView.h */ = {isa = PBXFileReference; fileEncoding = 4; lastKnownFileType = sourcecode.c.h; path = LLFaceView.h; sourceTree = "<group>"; };
		A078E3892473BCCA0025CE47 /* LLFaceView.m */ = {isa = PBXFileReference; fileEncoding = 4; lastKnownFileType = sourcecode.c.objc; path = LLFaceView.m; sourceTree = "<group>"; };
		A078E38B2473BCDB0025CE47 /* LLMenuView.h */ = {isa = PBXFileReference; fileEncoding = 4; lastKnownFileType = sourcecode.c.h; path = LLMenuView.h; sourceTree = "<group>"; };
		A078E38C2473BCDB0025CE47 /* LLMenuView.m */ = {isa = PBXFileReference; fileEncoding = 4; lastKnownFileType = sourcecode.c.objc; path = LLMenuView.m; sourceTree = "<group>"; };
		A078E38E2473BCED0025CE47 /* LLMoreView.m */ = {isa = PBXFileReference; fileEncoding = 4; lastKnownFileType = sourcecode.c.objc; path = LLMoreView.m; sourceTree = "<group>"; };
		A078E38F2473BCED0025CE47 /* LLMoreView.h */ = {isa = PBXFileReference; fileEncoding = 4; lastKnownFileType = sourcecode.c.h; path = LLMoreView.h; sourceTree = "<group>"; };
		A078E3912473BD070025CE47 /* THeader.h */ = {isa = PBXFileReference; lastKnownFileType = sourcecode.c.h; path = THeader.h; sourceTree = "<group>"; };
		A078E3922473BD1D0025CE47 /* LLMenuCell.m */ = {isa = PBXFileReference; fileEncoding = 4; lastKnownFileType = sourcecode.c.objc; path = LLMenuCell.m; sourceTree = "<group>"; };
		A078E3932473BD1D0025CE47 /* LLMenuCell.h */ = {isa = PBXFileReference; fileEncoding = 4; lastKnownFileType = sourcecode.c.h; path = LLMenuCell.h; sourceTree = "<group>"; };
		A078E3982473BD4A0025CE47 /* LLInputMoreCellData.m */ = {isa = PBXFileReference; fileEncoding = 4; lastKnownFileType = sourcecode.c.objc; path = LLInputMoreCellData.m; sourceTree = "<group>"; };
		A078E3992473BD4A0025CE47 /* LLInputMoreCellData.h */ = {isa = PBXFileReference; fileEncoding = 4; lastKnownFileType = sourcecode.c.h; path = LLInputMoreCellData.h; sourceTree = "<group>"; };
		A078E39B2473BD790025CE47 /* LLUIKit.m */ = {isa = PBXFileReference; fileEncoding = 4; lastKnownFileType = sourcecode.c.objc; path = LLUIKit.m; sourceTree = "<group>"; };
		A078E39C2473BD790025CE47 /* LLUIKit.h */ = {isa = PBXFileReference; fileEncoding = 4; lastKnownFileType = sourcecode.c.h; path = LLUIKit.h; sourceTree = "<group>"; };
		A078E39E2473BD8E0025CE47 /* LLResponderTextView.h */ = {isa = PBXFileReference; fileEncoding = 4; lastKnownFileType = sourcecode.c.h; path = LLResponderTextView.h; sourceTree = "<group>"; };
		A078E39F2473BD8E0025CE47 /* LLResponderTextView.m */ = {isa = PBXFileReference; fileEncoding = 4; lastKnownFileType = sourcecode.c.objc; path = LLResponderTextView.m; sourceTree = "<group>"; };
		A078E3A12473BDAA0025CE47 /* LLFaceCell.h */ = {isa = PBXFileReference; fileEncoding = 4; lastKnownFileType = sourcecode.c.h; path = LLFaceCell.h; sourceTree = "<group>"; };
		A078E3A22473BDAA0025CE47 /* LLFaceCell.m */ = {isa = PBXFileReference; fileEncoding = 4; lastKnownFileType = sourcecode.c.objc; path = LLFaceCell.m; sourceTree = "<group>"; };
		A078E3A42473BDC20025CE47 /* LLKitConfig.m */ = {isa = PBXFileReference; fileEncoding = 4; lastKnownFileType = sourcecode.c.objc; path = LLKitConfig.m; sourceTree = "<group>"; };
		A078E3A52473BDC20025CE47 /* LLKitConfig.h */ = {isa = PBXFileReference; fileEncoding = 4; lastKnownFileType = sourcecode.c.h; path = LLKitConfig.h; sourceTree = "<group>"; };
		A078E3A72473BE5C0025CE47 /* UIImage+TUIKIT.h */ = {isa = PBXFileReference; fileEncoding = 4; lastKnownFileType = sourcecode.c.h; path = "UIImage+TUIKIT.h"; sourceTree = "<group>"; };
		A078E3A82473BE5D0025CE47 /* UIImage+TUIKIT.m */ = {isa = PBXFileReference; fileEncoding = 4; lastKnownFileType = sourcecode.c.objc; path = "UIImage+TUIKIT.m"; sourceTree = "<group>"; };
		A078E3AA2473BE8F0025CE47 /* LLImageCache.h */ = {isa = PBXFileReference; fileEncoding = 4; lastKnownFileType = sourcecode.c.h; path = LLImageCache.h; sourceTree = "<group>"; };
		A078E3AB2473BE8F0025CE47 /* LLImageCache.m */ = {isa = PBXFileReference; fileEncoding = 4; lastKnownFileType = sourcecode.c.objc; path = LLImageCache.m; sourceTree = "<group>"; };
		A078E3B02473BF0F0025CE47 /* LLHelper.h */ = {isa = PBXFileReference; fileEncoding = 4; lastKnownFileType = sourcecode.c.h; path = LLHelper.h; sourceTree = "<group>"; };
		A078E3B12473BF0F0025CE47 /* LLHelper.m */ = {isa = PBXFileReference; fileEncoding = 4; lastKnownFileType = sourcecode.c.objc; path = LLHelper.m; sourceTree = "<group>"; };
		A078E3B32473BFD50025CE47 /* LLRecordView.h */ = {isa = PBXFileReference; fileEncoding = 4; lastKnownFileType = sourcecode.c.h; path = LLRecordView.h; sourceTree = "<group>"; };
		A078E3B42473BFD50025CE47 /* LLRecordView.m */ = {isa = PBXFileReference; fileEncoding = 4; lastKnownFileType = sourcecode.c.objc; path = LLRecordView.m; sourceTree = "<group>"; };
		A078E3B92473C30F0025CE47 /* TUIKitResource.bundle */ = {isa = PBXFileReference; lastKnownFileType = "wrapper.plug-in"; path = TUIKitResource.bundle; sourceTree = "<group>"; };
		A078E3BA2473C30F0025CE47 /* TUIKitFace.bundle */ = {isa = PBXFileReference; lastKnownFileType = "wrapper.plug-in"; path = TUIKitFace.bundle; sourceTree = "<group>"; };
		A0BCAD952591A6B400334B7C /* LLInputController.m */ = {isa = PBXFileReference; fileEncoding = 4; lastKnownFileType = sourcecode.c.objc; path = LLInputController.m; sourceTree = "<group>"; };
		A0BCAD962591A6B400334B7C /* LLInputController.h */ = {isa = PBXFileReference; fileEncoding = 4; lastKnownFileType = sourcecode.c.h; path = LLInputController.h; sourceTree = "<group>"; };
		A0BCADA52591C68F00334B7C /* MessageUtil.h */ = {isa = PBXFileReference; lastKnownFileType = sourcecode.c.h; path = MessageUtil.h; sourceTree = "<group>"; };
		A0BCADA62591C68F00334B7C /* MessageUtil.m */ = {isa = PBXFileReference; lastKnownFileType = sourcecode.c.objc; path = MessageUtil.m; sourceTree = "<group>"; };
		B638BE602F3F2309F84B110E /* Pods_TencentKeyboard_TencentKeyboardUITests.framework */ = {isa = PBXFileReference; explicitFileType = wrapper.framework; includeInIndex = 0; path = Pods_TencentKeyboard_TencentKeyboardUITests.framework; sourceTree = BUILT_PRODUCTS_DIR; };
		C6A934B5CD66B1671F249EC9 /* Pods-TencentKeyboard-TencentKeyboardUITests.release.xcconfig */ = {isa = PBXFileReference; includeInIndex = 1; lastKnownFileType = text.xcconfig; name = "Pods-TencentKeyboard-TencentKeyboardUITests.release.xcconfig"; path = "Target Support Files/Pods-TencentKeyboard-TencentKeyboardUITests/Pods-TencentKeyboard-TencentKeyboardUITests.release.xcconfig"; sourceTree = "<group>"; };
		C7A1798DD2A5347AB22C9377 /* Pods-TencentKeyboardTests.debug.xcconfig */ = {isa = PBXFileReference; includeInIndex = 1; lastKnownFileType = text.xcconfig; name = "Pods-TencentKeyboardTests.debug.xcconfig"; path = "Target Support Files/Pods-TencentKeyboardTests/Pods-TencentKeyboardTests.debug.xcconfig"; sourceTree = "<group>"; };
		F727728C1E1A78C3C52466DA /* Pods-TencentKeyboardTests.release.xcconfig */ = {isa = PBXFileReference; includeInIndex = 1; lastKnownFileType = text.xcconfig; name = "Pods-TencentKeyboardTests.release.xcconfig"; path = "Target Support Files/Pods-TencentKeyboardTests/Pods-TencentKeyboardTests.release.xcconfig"; sourceTree = "<group>"; };
		FDA373B565FE47B442ACD5BF /* Pods_TencentKeyboardTests.framework */ = {isa = PBXFileReference; explicitFileType = wrapper.framework; includeInIndex = 0; path = Pods_TencentKeyboardTests.framework; sourceTree = BUILT_PRODUCTS_DIR; };
		FFBDB58A32A7A54B14B7919A /* Pods-TencentKeyboard.release.xcconfig */ = {isa = PBXFileReference; includeInIndex = 1; lastKnownFileType = text.xcconfig; name = "Pods-TencentKeyboard.release.xcconfig"; path = "Target Support Files/Pods-TencentKeyboard/Pods-TencentKeyboard.release.xcconfig"; sourceTree = "<group>"; };
/* End PBXFileReference section */

/* Begin PBXFrameworksBuildPhase section */
		A078E3462473BC040025CE47 /* Frameworks */ = {
			isa = PBXFrameworksBuildPhase;
			buildActionMask = 2147483647;
			files = (
				A00BBCDD2474BAEB00FC253F /* libopencore-amrwb.a in Frameworks */,
				A00BBCDE2474BAEB00FC253F /* libopencore-amrnb.a in Frameworks */,
				CFCCFC251E9367084D5F2E88 /* Pods_TencentKeyboard.framework in Frameworks */,
			);
			runOnlyForDeploymentPostprocessing = 0;
		};
		A078E3612473BC080025CE47 /* Frameworks */ = {
			isa = PBXFrameworksBuildPhase;
			buildActionMask = 2147483647;
			files = (
				FA886410C21D8F0361F50200 /* Pods_TencentKeyboardTests.framework in Frameworks */,
			);
			runOnlyForDeploymentPostprocessing = 0;
		};
		A078E36C2473BC080025CE47 /* Frameworks */ = {
			isa = PBXFrameworksBuildPhase;
			buildActionMask = 2147483647;
			files = (
				D1747DC255E08A099B38F652 /* Pods_TencentKeyboard_TencentKeyboardUITests.framework in Frameworks */,
			);
			runOnlyForDeploymentPostprocessing = 0;
		};
/* End PBXFrameworksBuildPhase section */

/* Begin PBXGroup section */
		5CC9B7F6C6A3E787A86014F1 /* Pods */ = {
			isa = PBXGroup;
			children = (
				9F9193FD3F44F9A1B48A7F80 /* Pods-TencentKeyboard.debug.xcconfig */,
				FFBDB58A32A7A54B14B7919A /* Pods-TencentKeyboard.release.xcconfig */,
				116DEA9521579EBA5BC9F0F1 /* Pods-TencentKeyboard-TencentKeyboardUITests.debug.xcconfig */,
				C6A934B5CD66B1671F249EC9 /* Pods-TencentKeyboard-TencentKeyboardUITests.release.xcconfig */,
				C7A1798DD2A5347AB22C9377 /* Pods-TencentKeyboardTests.debug.xcconfig */,
				F727728C1E1A78C3C52466DA /* Pods-TencentKeyboardTests.release.xcconfig */,
			);
			path = Pods;
			sourceTree = "<group>";
		};
		75CEC1CA24D6AEA2728BABCB /* Frameworks */ = {
			isa = PBXGroup;
			children = (
				8DBC5515A807B19CD804C577 /* Pods_TencentKeyboard.framework */,
				B638BE602F3F2309F84B110E /* Pods_TencentKeyboard_TencentKeyboardUITests.framework */,
				FDA373B565FE47B442ACD5BF /* Pods_TencentKeyboardTests.framework */,
			);
			name = Frameworks;
			sourceTree = "<group>";
		};
		A00BBCCD2474BAEB00FC253F /* VoiceConvert */ = {
			isa = PBXGroup;
			children = (
				A00BBCCE2474BAEB00FC253F /* opencore-amrwb */,
				A00BBCD22474BAEB00FC253F /* EMVoiceConverter.h */,
				A00BBCDC2474BAEB00FC253F /* EMVoiceConverter.mm */,
				A00BBCD32474BAEB00FC253F /* opencore-amrnb */,
				A00BBCD72474BAEB00FC253F /* amrwapper */,
			);
			path = VoiceConvert;
			sourceTree = "<group>";
		};
		A00BBCCE2474BAEB00FC253F /* opencore-amrwb */ = {
			isa = PBXGroup;
			children = (
				A00BBCCF2474BAEB00FC253F /* libopencore-amrwb.a */,
				A00BBCD02474BAEB00FC253F /* if_rom.h */,
				A00BBCD12474BAEB00FC253F /* dec_if.h */,
			);
			path = "opencore-amrwb";
			sourceTree = "<group>";
		};
		A00BBCD32474BAEB00FC253F /* opencore-amrnb */ = {
			isa = PBXGroup;
			children = (
				A00BBCD42474BAEB00FC253F /* interf_dec.h */,
				A00BBCD52474BAEB00FC253F /* libopencore-amrnb.a */,
				A00BBCD62474BAEB00FC253F /* interf_enc.h */,
			);
			path = "opencore-amrnb";
			sourceTree = "<group>";
		};
		A00BBCD72474BAEB00FC253F /* amrwapper */ = {
			isa = PBXGroup;
			children = (
				A00BBCD82474BAEB00FC253F /* wav.mm */,
				A00BBCD92474BAEB00FC253F /* amrFileCodec.mm */,
				A00BBCDA2474BAEB00FC253F /* amrFileCodec.h */,
				A00BBCDB2474BAEB00FC253F /* wav.h */,
			);
			path = amrwapper;
			sourceTree = "<group>";
		};
		A078E3402473BC030025CE47 = {
			isa = PBXGroup;
			children = (
				A078E34B2473BC040025CE47 /* TencentKeyboard */,
				A078E3672473BC080025CE47 /* TencentKeyboardTests */,
				A078E3722473BC080025CE47 /* TencentKeyboardUITests */,
				A078E34A2473BC040025CE47 /* Products */,
				5CC9B7F6C6A3E787A86014F1 /* Pods */,
				75CEC1CA24D6AEA2728BABCB /* Frameworks */,
			);
			sourceTree = "<group>";
		};
		A078E34A2473BC040025CE47 /* Products */ = {
			isa = PBXGroup;
			children = (
				A078E3492473BC040025CE47 /* TencentKeyboard.app */,
				A078E3642473BC080025CE47 /* TencentKeyboardTests.xctest */,
				A078E36F2473BC080025CE47 /* TencentKeyboardUITests.xctest */,
			);
			name = Products;
			sourceTree = "<group>";
		};
		A078E34B2473BC040025CE47 /* TencentKeyboard */ = {
			isa = PBXGroup;
			children = (
				A0BCAD8E2591A68900334B7C /* Chat */,
				A078E34C2473BC040025CE47 /* AppDelegate.h */,
				A078E34D2473BC040025CE47 /* AppDelegate.m */,
				A078E3522473BC040025CE47 /* ViewController.h */,
				A078E3532473BC040025CE47 /* ViewController.m */,
				A078E3812473BC8D0025CE47 /* Keyboard */,
				A078E3582473BC080025CE47 /* Assets.xcassets */,
				A078E35A2473BC080025CE47 /* LaunchScreen.storyboard */,
				A078E35D2473BC080025CE47 /* Info.plist */,
				A078E35E2473BC080025CE47 /* main.m */,
			);
			path = TencentKeyboard;
			sourceTree = "<group>";
		};
		A078E3672473BC080025CE47 /* TencentKeyboardTests */ = {
			isa = PBXGroup;
			children = (
				A078E3682473BC080025CE47 /* TencentKeyboardTests.m */,
				A078E36A2473BC080025CE47 /* Info.plist */,
			);
			path = TencentKeyboardTests;
			sourceTree = "<group>";
		};
		A078E3722473BC080025CE47 /* TencentKeyboardUITests */ = {
			isa = PBXGroup;
			children = (
				A078E3732473BC080025CE47 /* TencentKeyboardUITests.m */,
				A078E3752473BC080025CE47 /* Info.plist */,
			);
			path = TencentKeyboardUITests;
			sourceTree = "<group>";
		};
		A078E3812473BC8D0025CE47 /* Keyboard */ = {
			isa = PBXGroup;
			children = (
				A00BBCCD2474BAEB00FC253F /* VoiceConvert */,
				A078E3BA2473C30F0025CE47 /* TUIKitFace.bundle */,
				A078E3B92473C30F0025CE47 /* TUIKitResource.bundle */,
				A078E3B32473BFD50025CE47 /* LLRecordView.h */,
				A078E3B42473BFD50025CE47 /* LLRecordView.m */,
				A078E3B02473BF0F0025CE47 /* LLHelper.h */,
				A078E3B12473BF0F0025CE47 /* LLHelper.m */,
				A078E3AA2473BE8F0025CE47 /* LLImageCache.h */,
				A078E3AB2473BE8F0025CE47 /* LLImageCache.m */,
				A078E3A72473BE5C0025CE47 /* UIImage+TUIKIT.h */,
				A078E3A82473BE5D0025CE47 /* UIImage+TUIKIT.m */,
				A078E3A52473BDC20025CE47 /* LLKitConfig.h */,
				A078E3A42473BDC20025CE47 /* LLKitConfig.m */,
				A078E3A12473BDAA0025CE47 /* LLFaceCell.h */,
				A078E3A22473BDAA0025CE47 /* LLFaceCell.m */,
				A078E39E2473BD8E0025CE47 /* LLResponderTextView.h */,
				A078E39F2473BD8E0025CE47 /* LLResponderTextView.m */,
				A078E39C2473BD790025CE47 /* LLUIKit.h */,
				A078E39B2473BD790025CE47 /* LLUIKit.m */,
				A078E3992473BD4A0025CE47 /* LLInputMoreCellData.h */,
				A078E3982473BD4A0025CE47 /* LLInputMoreCellData.m */,
				A078E3932473BD1D0025CE47 /* LLMenuCell.h */,
				A078E3922473BD1D0025CE47 /* LLMenuCell.m */,
				A078E3912473BD070025CE47 /* THeader.h */,
				A078E38F2473BCED0025CE47 /* LLMoreView.h */,
				A078E38E2473BCED0025CE47 /* LLMoreView.m */,
				A078E38B2473BCDB0025CE47 /* LLMenuView.h */,
				A078E38C2473BCDB0025CE47 /* LLMenuView.m */,
				A078E3882473BCCA0025CE47 /* LLFaceView.h */,
				A078E3892473BCCA0025CE47 /* LLFaceView.m */,
				A078E3852473BCAD0025CE47 /* LLInputBar.h */,
				A078E3862473BCAD0025CE47 /* LLInputBar.m */,
			);
			path = Keyboard;
			sourceTree = "<group>";
		};
		A0BCAD8E2591A68900334B7C /* Chat */ = {
			isa = PBXGroup;
			children = (
				A0BCADA42591C67800334B7C /* Utils */,
				A0BCAD962591A6B400334B7C /* LLInputController.h */,
				A0BCAD952591A6B400334B7C /* LLInputController.m */,
			);
			path = Chat;
			sourceTree = "<group>";
		};
		A0BCADA42591C67800334B7C /* Utils */ = {
			isa = PBXGroup;
			children = (
				A0BCADA52591C68F00334B7C /* MessageUtil.h */,
				A0BCADA62591C68F00334B7C /* MessageUtil.m */,
			);
			path = Utils;
			sourceTree = "<group>";
		};
/* End PBXGroup section */

/* Begin PBXNativeTarget section */
		A078E3482473BC040025CE47 /* TencentKeyboard */ = {
			isa = PBXNativeTarget;
			buildConfigurationList = A078E3782473BC080025CE47 /* Build configuration list for PBXNativeTarget "TencentKeyboard" */;
			buildPhases = (
				899BD4759F11463C8DD50B03 /* [CP] Check Pods Manifest.lock */,
				A078E3452473BC040025CE47 /* Sources */,
				A078E3462473BC040025CE47 /* Frameworks */,
				A078E3472473BC040025CE47 /* Resources */,
				0FE1FC05803048C1F2C885A5 /* [CP] Embed Pods Frameworks */,
			);
			buildRules = (
			);
			dependencies = (
			);
			name = TencentKeyboard;
			productName = TencentKeyboard;
			productReference = A078E3492473BC040025CE47 /* TencentKeyboard.app */;
			productType = "com.apple.product-type.application";
		};
		A078E3632473BC080025CE47 /* TencentKeyboardTests */ = {
			isa = PBXNativeTarget;
			buildConfigurationList = A078E37B2473BC080025CE47 /* Build configuration list for PBXNativeTarget "TencentKeyboardTests" */;
			buildPhases = (
				538256A0759BBBD594C49405 /* [CP] Check Pods Manifest.lock */,
				A078E3602473BC080025CE47 /* Sources */,
				A078E3612473BC080025CE47 /* Frameworks */,
				A078E3622473BC080025CE47 /* Resources */,
			);
			buildRules = (
			);
			dependencies = (
				A078E3662473BC080025CE47 /* PBXTargetDependency */,
			);
			name = TencentKeyboardTests;
			productName = TencentKeyboardTests;
			productReference = A078E3642473BC080025CE47 /* TencentKeyboardTests.xctest */;
			productType = "com.apple.product-type.bundle.unit-test";
		};
		A078E36E2473BC080025CE47 /* TencentKeyboardUITests */ = {
			isa = PBXNativeTarget;
			buildConfigurationList = A078E37E2473BC080025CE47 /* Build configuration list for PBXNativeTarget "TencentKeyboardUITests" */;
			buildPhases = (
				432D355C13D442AAAC66DC42 /* [CP] Check Pods Manifest.lock */,
				A078E36B2473BC080025CE47 /* Sources */,
				A078E36C2473BC080025CE47 /* Frameworks */,
				A078E36D2473BC080025CE47 /* Resources */,
				9ACC25ED2D4537EA52B352F9 /* [CP] Embed Pods Frameworks */,
			);
			buildRules = (
			);
			dependencies = (
				A078E3712473BC080025CE47 /* PBXTargetDependency */,
			);
			name = TencentKeyboardUITests;
			productName = TencentKeyboardUITests;
			productReference = A078E36F2473BC080025CE47 /* TencentKeyboardUITests.xctest */;
			productType = "com.apple.product-type.bundle.ui-testing";
		};
/* End PBXNativeTarget section */

/* Begin PBXProject section */
		A078E3412473BC030025CE47 /* Project object */ = {
			isa = PBXProject;
			attributes = {
				LastUpgradeCheck = 1120;
				ORGANIZATIONNAME = lanlan;
				TargetAttributes = {
					A078E3482473BC040025CE47 = {
						CreatedOnToolsVersion = 11.2.1;
					};
					A078E3632473BC080025CE47 = {
						CreatedOnToolsVersion = 11.2.1;
						TestTargetID = A078E3482473BC040025CE47;
					};
					A078E36E2473BC080025CE47 = {
						CreatedOnToolsVersion = 11.2.1;
						TestTargetID = A078E3482473BC040025CE47;
					};
				};
			};
			buildConfigurationList = A078E3442473BC030025CE47 /* Build configuration list for PBXProject "TencentKeyboard" */;
			compatibilityVersion = "Xcode 9.3";
			developmentRegion = en;
			hasScannedForEncodings = 0;
			knownRegions = (
				en,
				Base,
			);
			mainGroup = A078E3402473BC030025CE47;
			productRefGroup = A078E34A2473BC040025CE47 /* Products */;
			projectDirPath = "";
			projectRoot = "";
			targets = (
				A078E3482473BC040025CE47 /* TencentKeyboard */,
				A078E3632473BC080025CE47 /* TencentKeyboardTests */,
				A078E36E2473BC080025CE47 /* TencentKeyboardUITests */,
			);
		};
/* End PBXProject section */

/* Begin PBXResourcesBuildPhase section */
		A078E3472473BC040025CE47 /* Resources */ = {
			isa = PBXResourcesBuildPhase;
			buildActionMask = 2147483647;
			files = (
				A078E3BB2473C30F0025CE47 /* TUIKitResource.bundle in Resources */,
				A078E35C2473BC080025CE47 /* LaunchScreen.storyboard in Resources */,
				A078E3BC2473C30F0025CE47 /* TUIKitFace.bundle in Resources */,
				A078E3592473BC080025CE47 /* Assets.xcassets in Resources */,
			);
			runOnlyForDeploymentPostprocessing = 0;
		};
		A078E3622473BC080025CE47 /* Resources */ = {
			isa = PBXResourcesBuildPhase;
			buildActionMask = 2147483647;
			files = (
			);
			runOnlyForDeploymentPostprocessing = 0;
		};
		A078E36D2473BC080025CE47 /* Resources */ = {
			isa = PBXResourcesBuildPhase;
			buildActionMask = 2147483647;
			files = (
			);
			runOnlyForDeploymentPostprocessing = 0;
		};
/* End PBXResourcesBuildPhase section */

/* Begin PBXShellScriptBuildPhase section */
		0FE1FC05803048C1F2C885A5 /* [CP] Embed Pods Frameworks */ = {
			isa = PBXShellScriptBuildPhase;
			buildActionMask = 2147483647;
			files = (
			);
			inputFileListPaths = (
				"${PODS_ROOT}/Target Support Files/Pods-TencentKeyboard/Pods-TencentKeyboard-frameworks-${CONFIGURATION}-input-files.xcfilelist",
			);
			name = "[CP] Embed Pods Frameworks";
			outputFileListPaths = (
				"${PODS_ROOT}/Target Support Files/Pods-TencentKeyboard/Pods-TencentKeyboard-frameworks-${CONFIGURATION}-output-files.xcfilelist",
			);
			runOnlyForDeploymentPostprocessing = 0;
			shellPath = /bin/sh;
			shellScript = "\"${PODS_ROOT}/Target Support Files/Pods-TencentKeyboard/Pods-TencentKeyboard-frameworks.sh\"\n";
			showEnvVarsInLog = 0;
		};
		432D355C13D442AAAC66DC42 /* [CP] Check Pods Manifest.lock */ = {
			isa = PBXShellScriptBuildPhase;
			buildActionMask = 2147483647;
			files = (
			);
			inputFileListPaths = (
			);
			inputPaths = (
				"${PODS_PODFILE_DIR_PATH}/Podfile.lock",
				"${PODS_ROOT}/Manifest.lock",
			);
			name = "[CP] Check Pods Manifest.lock";
			outputFileListPaths = (
			);
			outputPaths = (
				"$(DERIVED_FILE_DIR)/Pods-TencentKeyboard-TencentKeyboardUITests-checkManifestLockResult.txt",
			);
			runOnlyForDeploymentPostprocessing = 0;
			shellPath = /bin/sh;
			shellScript = "diff \"${PODS_PODFILE_DIR_PATH}/Podfile.lock\" \"${PODS_ROOT}/Manifest.lock\" > /dev/null\nif [ $? != 0 ] ; then\n    # print error to STDERR\n    echo \"error: The sandbox is not in sync with the Podfile.lock. Run 'pod install' or update your CocoaPods installation.\" >&2\n    exit 1\nfi\n# This output is used by Xcode 'outputs' to avoid re-running this script phase.\necho \"SUCCESS\" > \"${SCRIPT_OUTPUT_FILE_0}\"\n";
			showEnvVarsInLog = 0;
		};
		538256A0759BBBD594C49405 /* [CP] Check Pods Manifest.lock */ = {
			isa = PBXShellScriptBuildPhase;
			buildActionMask = 2147483647;
			files = (
			);
			inputFileListPaths = (
			);
			inputPaths = (
				"${PODS_PODFILE_DIR_PATH}/Podfile.lock",
				"${PODS_ROOT}/Manifest.lock",
			);
			name = "[CP] Check Pods Manifest.lock";
			outputFileListPaths = (
			);
			outputPaths = (
				"$(DERIVED_FILE_DIR)/Pods-TencentKeyboardTests-checkManifestLockResult.txt",
			);
			runOnlyForDeploymentPostprocessing = 0;
			shellPath = /bin/sh;
			shellScript = "diff \"${PODS_PODFILE_DIR_PATH}/Podfile.lock\" \"${PODS_ROOT}/Manifest.lock\" > /dev/null\nif [ $? != 0 ] ; then\n    # print error to STDERR\n    echo \"error: The sandbox is not in sync with the Podfile.lock. Run 'pod install' or update your CocoaPods installation.\" >&2\n    exit 1\nfi\n# This output is used by Xcode 'outputs' to avoid re-running this script phase.\necho \"SUCCESS\" > \"${SCRIPT_OUTPUT_FILE_0}\"\n";
			showEnvVarsInLog = 0;
		};
		899BD4759F11463C8DD50B03 /* [CP] Check Pods Manifest.lock */ = {
			isa = PBXShellScriptBuildPhase;
			buildActionMask = 2147483647;
			files = (
			);
			inputFileListPaths = (
			);
			inputPaths = (
				"${PODS_PODFILE_DIR_PATH}/Podfile.lock",
				"${PODS_ROOT}/Manifest.lock",
			);
			name = "[CP] Check Pods Manifest.lock";
			outputFileListPaths = (
			);
			outputPaths = (
				"$(DERIVED_FILE_DIR)/Pods-TencentKeyboard-checkManifestLockResult.txt",
			);
			runOnlyForDeploymentPostprocessing = 0;
			shellPath = /bin/sh;
			shellScript = "diff \"${PODS_PODFILE_DIR_PATH}/Podfile.lock\" \"${PODS_ROOT}/Manifest.lock\" > /dev/null\nif [ $? != 0 ] ; then\n    # print error to STDERR\n    echo \"error: The sandbox is not in sync with the Podfile.lock. Run 'pod install' or update your CocoaPods installation.\" >&2\n    exit 1\nfi\n# This output is used by Xcode 'outputs' to avoid re-running this script phase.\necho \"SUCCESS\" > \"${SCRIPT_OUTPUT_FILE_0}\"\n";
			showEnvVarsInLog = 0;
		};
		9ACC25ED2D4537EA52B352F9 /* [CP] Embed Pods Frameworks */ = {
			isa = PBXShellScriptBuildPhase;
			buildActionMask = 2147483647;
			files = (
			);
			inputFileListPaths = (
				"${PODS_ROOT}/Target Support Files/Pods-TencentKeyboard-TencentKeyboardUITests/Pods-TencentKeyboard-TencentKeyboardUITests-frameworks-${CONFIGURATION}-input-files.xcfilelist",
			);
			name = "[CP] Embed Pods Frameworks";
			outputFileListPaths = (
				"${PODS_ROOT}/Target Support Files/Pods-TencentKeyboard-TencentKeyboardUITests/Pods-TencentKeyboard-TencentKeyboardUITests-frameworks-${CONFIGURATION}-output-files.xcfilelist",
			);
			runOnlyForDeploymentPostprocessing = 0;
			shellPath = /bin/sh;
			shellScript = "\"${PODS_ROOT}/Target Support Files/Pods-TencentKeyboard-TencentKeyboardUITests/Pods-TencentKeyboard-TencentKeyboardUITests-frameworks.sh\"\n";
			showEnvVarsInLog = 0;
		};
/* End PBXShellScriptBuildPhase section */

/* Begin PBXSourcesBuildPhase section */
		A078E3452473BC040025CE47 /* Sources */ = {
			isa = PBXSourcesBuildPhase;
			buildActionMask = 2147483647;
			files = (
				A078E39A2473BD4B0025CE47 /* LLInputMoreCellData.m in Sources */,
				A078E3A92473BE5D0025CE47 /* UIImage+TUIKIT.m in Sources */,
				A078E3B52473BFD50025CE47 /* LLRecordView.m in Sources */,
				A0BCAD972591A6B400334B7C /* LLInputController.m in Sources */,
				A078E3902473BCED0025CE47 /* LLMoreView.m in Sources */,
				A078E38A2473BCCA0025CE47 /* LLFaceView.m in Sources */,
				A078E3542473BC040025CE47 /* ViewController.m in Sources */,
				A078E3AC2473BE8F0025CE47 /* LLImageCache.m in Sources */,
				A078E3942473BD1D0025CE47 /* LLMenuCell.m in Sources */,
				A00BBCE12474BAEB00FC253F /* EMVoiceConverter.mm in Sources */,
				A078E3B22473BF0F0025CE47 /* LLHelper.m in Sources */,
				A078E38D2473BCDB0025CE47 /* LLMenuView.m in Sources */,
				A078E3A62473BDC20025CE47 /* LLKitConfig.m in Sources */,
				A00BBCE02474BAEB00FC253F /* amrFileCodec.mm in Sources */,
				A078E34E2473BC040025CE47 /* AppDelegate.m in Sources */,
				A078E3A32473BDAB0025CE47 /* LLFaceCell.m in Sources */,
				A078E3A02473BD8F0025CE47 /* LLResponderTextView.m in Sources */,
				A0BCADA72591C68F00334B7C /* MessageUtil.m in Sources */,
				A078E39D2473BD790025CE47 /* LLUIKit.m in Sources */,
				A078E3872473BCAD0025CE47 /* LLInputBar.m in Sources */,
				A00BBCDF2474BAEB00FC253F /* wav.mm in Sources */,
				A078E35F2473BC080025CE47 /* main.m in Sources */,
			);
			runOnlyForDeploymentPostprocessing = 0;
		};
		A078E3602473BC080025CE47 /* Sources */ = {
			isa = PBXSourcesBuildPhase;
			buildActionMask = 2147483647;
			files = (
				A078E3692473BC080025CE47 /* TencentKeyboardTests.m in Sources */,
			);
			runOnlyForDeploymentPostprocessing = 0;
		};
		A078E36B2473BC080025CE47 /* Sources */ = {
			isa = PBXSourcesBuildPhase;
			buildActionMask = 2147483647;
			files = (
				A078E3742473BC080025CE47 /* TencentKeyboardUITests.m in Sources */,
			);
			runOnlyForDeploymentPostprocessing = 0;
		};
/* End PBXSourcesBuildPhase section */

/* Begin PBXTargetDependency section */
		A078E3662473BC080025CE47 /* PBXTargetDependency */ = {
			isa = PBXTargetDependency;
			target = A078E3482473BC040025CE47 /* TencentKeyboard */;
			targetProxy = A078E3652473BC080025CE47 /* PBXContainerItemProxy */;
		};
		A078E3712473BC080025CE47 /* PBXTargetDependency */ = {
			isa = PBXTargetDependency;
			target = A078E3482473BC040025CE47 /* TencentKeyboard */;
			targetProxy = A078E3702473BC080025CE47 /* PBXContainerItemProxy */;
		};
/* End PBXTargetDependency section */

/* Begin PBXVariantGroup section */
		A078E35A2473BC080025CE47 /* LaunchScreen.storyboard */ = {
			isa = PBXVariantGroup;
			children = (
				A078E35B2473BC080025CE47 /* Base */,
			);
			name = LaunchScreen.storyboard;
			sourceTree = "<group>";
		};
/* End PBXVariantGroup section */

/* Begin XCBuildConfiguration section */
		A078E3762473BC080025CE47 /* Debug */ = {
			isa = XCBuildConfiguration;
			buildSettings = {
				ALWAYS_SEARCH_USER_PATHS = NO;
				CLANG_ANALYZER_NONNULL = YES;
				CLANG_ANALYZER_NUMBER_OBJECT_CONVERSION = YES_AGGRESSIVE;
				CLANG_CXX_LANGUAGE_STANDARD = "gnu++14";
				CLANG_CXX_LIBRARY = "libc++";
				CLANG_ENABLE_MODULES = YES;
				CLANG_ENABLE_OBJC_ARC = YES;
				CLANG_ENABLE_OBJC_WEAK = YES;
				CLANG_WARN_BLOCK_CAPTURE_AUTORELEASING = YES;
				CLANG_WARN_BOOL_CONVERSION = YES;
				CLANG_WARN_COMMA = YES;
				CLANG_WARN_CONSTANT_CONVERSION = YES;
				CLANG_WARN_DEPRECATED_OBJC_IMPLEMENTATIONS = YES;
				CLANG_WARN_DIRECT_OBJC_ISA_USAGE = YES_ERROR;
				CLANG_WARN_DOCUMENTATION_COMMENTS = YES;
				CLANG_WARN_EMPTY_BODY = YES;
				CLANG_WARN_ENUM_CONVERSION = YES;
				CLANG_WARN_INFINITE_RECURSION = YES;
				CLANG_WARN_INT_CONVERSION = YES;
				CLANG_WARN_NON_LITERAL_NULL_CONVERSION = YES;
				CLANG_WARN_OBJC_IMPLICIT_RETAIN_SELF = YES;
				CLANG_WARN_OBJC_LITERAL_CONVERSION = YES;
				CLANG_WARN_OBJC_ROOT_CLASS = YES_ERROR;
				CLANG_WARN_RANGE_LOOP_ANALYSIS = YES;
				CLANG_WARN_STRICT_PROTOTYPES = YES;
				CLANG_WARN_SUSPICIOUS_MOVE = YES;
				CLANG_WARN_UNGUARDED_AVAILABILITY = YES_AGGRESSIVE;
				CLANG_WARN_UNREACHABLE_CODE = YES;
				CLANG_WARN__DUPLICATE_METHOD_MATCH = YES;
				COPY_PHASE_STRIP = NO;
				DEBUG_INFORMATION_FORMAT = dwarf;
				ENABLE_STRICT_OBJC_MSGSEND = YES;
				ENABLE_TESTABILITY = YES;
				GCC_C_LANGUAGE_STANDARD = gnu11;
				GCC_DYNAMIC_NO_PIC = NO;
				GCC_NO_COMMON_BLOCKS = YES;
				GCC_OPTIMIZATION_LEVEL = 0;
				GCC_PREPROCESSOR_DEFINITIONS = (
					"DEBUG=1",
					"$(inherited)",
				);
				GCC_WARN_64_TO_32_BIT_CONVERSION = YES;
				GCC_WARN_ABOUT_RETURN_TYPE = YES_ERROR;
				GCC_WARN_UNDECLARED_SELECTOR = YES;
				GCC_WARN_UNINITIALIZED_AUTOS = YES_AGGRESSIVE;
				GCC_WARN_UNUSED_FUNCTION = YES;
				GCC_WARN_UNUSED_VARIABLE = YES;
				IPHONEOS_DEPLOYMENT_TARGET = 13.2;
				MTL_ENABLE_DEBUG_INFO = INCLUDE_SOURCE;
				MTL_FAST_MATH = YES;
				ONLY_ACTIVE_ARCH = YES;
				SDKROOT = iphoneos;
			};
			name = Debug;
		};
		A078E3772473BC080025CE47 /* Release */ = {
			isa = XCBuildConfiguration;
			buildSettings = {
				ALWAYS_SEARCH_USER_PATHS = NO;
				CLANG_ANALYZER_NONNULL = YES;
				CLANG_ANALYZER_NUMBER_OBJECT_CONVERSION = YES_AGGRESSIVE;
				CLANG_CXX_LANGUAGE_STANDARD = "gnu++14";
				CLANG_CXX_LIBRARY = "libc++";
				CLANG_ENABLE_MODULES = YES;
				CLANG_ENABLE_OBJC_ARC = YES;
				CLANG_ENABLE_OBJC_WEAK = YES;
				CLANG_WARN_BLOCK_CAPTURE_AUTORELEASING = YES;
				CLANG_WARN_BOOL_CONVERSION = YES;
				CLANG_WARN_COMMA = YES;
				CLANG_WARN_CONSTANT_CONVERSION = YES;
				CLANG_WARN_DEPRECATED_OBJC_IMPLEMENTATIONS = YES;
				CLANG_WARN_DIRECT_OBJC_ISA_USAGE = YES_ERROR;
				CLANG_WARN_DOCUMENTATION_COMMENTS = YES;
				CLANG_WARN_EMPTY_BODY = YES;
				CLANG_WARN_ENUM_CONVERSION = YES;
				CLANG_WARN_INFINITE_RECURSION = YES;
				CLANG_WARN_INT_CONVERSION = YES;
				CLANG_WARN_NON_LITERAL_NULL_CONVERSION = YES;
				CLANG_WARN_OBJC_IMPLICIT_RETAIN_SELF = YES;
				CLANG_WARN_OBJC_LITERAL_CONVERSION = YES;
				CLANG_WARN_OBJC_ROOT_CLASS = YES_ERROR;
				CLANG_WARN_RANGE_LOOP_ANALYSIS = YES;
				CLANG_WARN_STRICT_PROTOTYPES = YES;
				CLANG_WARN_SUSPICIOUS_MOVE = YES;
				CLANG_WARN_UNGUARDED_AVAILABILITY = YES_AGGRESSIVE;
				CLANG_WARN_UNREACHABLE_CODE = YES;
				CLANG_WARN__DUPLICATE_METHOD_MATCH = YES;
				COPY_PHASE_STRIP = NO;
				DEBUG_INFORMATION_FORMAT = "dwarf-with-dsym";
				ENABLE_NS_ASSERTIONS = NO;
				ENABLE_STRICT_OBJC_MSGSEND = YES;
				GCC_C_LANGUAGE_STANDARD = gnu11;
				GCC_NO_COMMON_BLOCKS = YES;
				GCC_WARN_64_TO_32_BIT_CONVERSION = YES;
				GCC_WARN_ABOUT_RETURN_TYPE = YES_ERROR;
				GCC_WARN_UNDECLARED_SELECTOR = YES;
				GCC_WARN_UNINITIALIZED_AUTOS = YES_AGGRESSIVE;
				GCC_WARN_UNUSED_FUNCTION = YES;
				GCC_WARN_UNUSED_VARIABLE = YES;
				IPHONEOS_DEPLOYMENT_TARGET = 13.2;
				MTL_ENABLE_DEBUG_INFO = NO;
				MTL_FAST_MATH = YES;
				SDKROOT = iphoneos;
				VALIDATE_PRODUCT = YES;
			};
			name = Release;
		};
		A078E3792473BC080025CE47 /* Debug */ = {
			isa = XCBuildConfiguration;
			baseConfigurationReference = 9F9193FD3F44F9A1B48A7F80 /* Pods-TencentKeyboard.debug.xcconfig */;
			buildSettings = {
				ASSETCATALOG_COMPILER_APPICON_NAME = AppIcon;
				CODE_SIGN_STYLE = Automatic;
				DEVELOPMENT_TEAM = N9EV8487M2;
				INFOPLIST_FILE = TencentKeyboard/Info.plist;
				IPHONEOS_DEPLOYMENT_TARGET = 10.0;
				LD_RUNPATH_SEARCH_PATHS = (
					"$(inherited)",
					"@executable_path/Frameworks",
				);
				LIBRARY_SEARCH_PATHS = (
					"$(inherited)",
					"$(PROJECT_DIR)/TencentKeyboard/Keyboard/VoiceConvert/opencore-amrwb",
					"$(PROJECT_DIR)/TencentKeyboard/Keyboard/VoiceConvert/opencore-amrnb",
				);
				PRODUCT_BUNDLE_IDENTIFIER = jlc.TencentKeyboard;
				PRODUCT_NAME = "$(TARGET_NAME)";
				TARGETED_DEVICE_FAMILY = 1;
			};
			name = Debug;
		};
		A078E37A2473BC080025CE47 /* Release */ = {
			isa = XCBuildConfiguration;
			baseConfigurationReference = FFBDB58A32A7A54B14B7919A /* Pods-TencentKeyboard.release.xcconfig */;
			buildSettings = {
				ASSETCATALOG_COMPILER_APPICON_NAME = AppIcon;
				CODE_SIGN_STYLE = Automatic;
				DEVELOPMENT_TEAM = N9EV8487M2;
				INFOPLIST_FILE = TencentKeyboard/Info.plist;
				IPHONEOS_DEPLOYMENT_TARGET = 10.0;
				LD_RUNPATH_SEARCH_PATHS = (
					"$(inherited)",
					"@executable_path/Frameworks",
				);
				LIBRARY_SEARCH_PATHS = (
					"$(inherited)",
					"$(PROJECT_DIR)/TencentKeyboard/Keyboard/VoiceConvert/opencore-amrwb",
					"$(PROJECT_DIR)/TencentKeyboard/Keyboard/VoiceConvert/opencore-amrnb",
				);
				PRODUCT_BUNDLE_IDENTIFIER = jlc.TencentKeyboard;
				PRODUCT_NAME = "$(TARGET_NAME)";
				TARGETED_DEVICE_FAMILY = 1;
			};
			name = Release;
		};
		A078E37C2473BC080025CE47 /* Debug */ = {
			isa = XCBuildConfiguration;
			baseConfigurationReference = C7A1798DD2A5347AB22C9377 /* Pods-TencentKeyboardTests.debug.xcconfig */;
			buildSettings = {
				BUNDLE_LOADER = "$(TEST_HOST)";
				CODE_SIGN_STYLE = Automatic;
				DEVELOPMENT_TEAM = N9EV8487M2;
				INFOPLIST_FILE = TencentKeyboardTests/Info.plist;
				IPHONEOS_DEPLOYMENT_TARGET = 13.2;
				LD_RUNPATH_SEARCH_PATHS = (
					"$(inherited)",
					"@executable_path/Frameworks",
					"@loader_path/Frameworks",
				);
				PRODUCT_BUNDLE_IDENTIFIER = jlc.TencentKeyboardTests;
				PRODUCT_NAME = "$(TARGET_NAME)";
				TARGETED_DEVICE_FAMILY = "1,2";
				TEST_HOST = "$(BUILT_PRODUCTS_DIR)/TencentKeyboard.app/TencentKeyboard";
			};
			name = Debug;
		};
		A078E37D2473BC080025CE47 /* Release */ = {
			isa = XCBuildConfiguration;
			baseConfigurationReference = F727728C1E1A78C3C52466DA /* Pods-TencentKeyboardTests.release.xcconfig */;
			buildSettings = {
				BUNDLE_LOADER = "$(TEST_HOST)";
				CODE_SIGN_STYLE = Automatic;
				DEVELOPMENT_TEAM = N9EV8487M2;
				INFOPLIST_FILE = TencentKeyboardTests/Info.plist;
				IPHONEOS_DEPLOYMENT_TARGET = 13.2;
				LD_RUNPATH_SEARCH_PATHS = (
					"$(inherited)",
					"@executable_path/Frameworks",
					"@loader_path/Frameworks",
				);
				PRODUCT_BUNDLE_IDENTIFIER = jlc.TencentKeyboardTests;
				PRODUCT_NAME = "$(TARGET_NAME)";
				TARGETED_DEVICE_FAMILY = "1,2";
				TEST_HOST = "$(BUILT_PRODUCTS_DIR)/TencentKeyboard.app/TencentKeyboard";
			};
			name = Release;
		};
		A078E37F2473BC080025CE47 /* Debug */ = {
			isa = XCBuildConfiguration;
			baseConfigurationReference = 116DEA9521579EBA5BC9F0F1 /* Pods-TencentKeyboard-TencentKeyboardUITests.debug.xcconfig */;
			buildSettings = {
				CODE_SIGN_STYLE = Automatic;
				DEVELOPMENT_TEAM = N9EV8487M2;
				INFOPLIST_FILE = TencentKeyboardUITests/Info.plist;
				LD_RUNPATH_SEARCH_PATHS = (
					"$(inherited)",
					"@executable_path/Frameworks",
					"@loader_path/Frameworks",
				);
				PRODUCT_BUNDLE_IDENTIFIER = jlc.TencentKeyboardUITests;
				PRODUCT_NAME = "$(TARGET_NAME)";
				TARGETED_DEVICE_FAMILY = "1,2";
				TEST_TARGET_NAME = TencentKeyboard;
			};
			name = Debug;
		};
		A078E3802473BC080025CE47 /* Release */ = {
			isa = XCBuildConfiguration;
			baseConfigurationReference = C6A934B5CD66B1671F249EC9 /* Pods-TencentKeyboard-TencentKeyboardUITests.release.xcconfig */;
			buildSettings = {
				CODE_SIGN_STYLE = Automatic;
				DEVELOPMENT_TEAM = N9EV8487M2;
				INFOPLIST_FILE = TencentKeyboardUITests/Info.plist;
				LD_RUNPATH_SEARCH_PATHS = (
					"$(inherited)",
					"@executable_path/Frameworks",
					"@loader_path/Frameworks",
				);
				PRODUCT_BUNDLE_IDENTIFIER = jlc.TencentKeyboardUITests;
				PRODUCT_NAME = "$(TARGET_NAME)";
				TARGETED_DEVICE_FAMILY = "1,2";
				TEST_TARGET_NAME = TencentKeyboard;
			};
			name = Release;
		};
/* End XCBuildConfiguration section */

/* Begin XCConfigurationList section */
		A078E3442473BC030025CE47 /* Build configuration list for PBXProject "TencentKeyboard" */ = {
			isa = XCConfigurationList;
			buildConfigurations = (
				A078E3762473BC080025CE47 /* Debug */,
				A078E3772473BC080025CE47 /* Release */,
			);
			defaultConfigurationIsVisible = 0;
			defaultConfigurationName = Release;
		};
		A078E3782473BC080025CE47 /* Build configuration list for PBXNativeTarget "TencentKeyboard" */ = {
			isa = XCConfigurationList;
			buildConfigurations = (
				A078E3792473BC080025CE47 /* Debug */,
				A078E37A2473BC080025CE47 /* Release */,
			);
			defaultConfigurationIsVisible = 0;
			defaultConfigurationName = Release;
		};
		A078E37B2473BC080025CE47 /* Build configuration list for PBXNativeTarget "TencentKeyboardTests" */ = {
			isa = XCConfigurationList;
			buildConfigurations = (
				A078E37C2473BC080025CE47 /* Debug */,
				A078E37D2473BC080025CE47 /* Release */,
			);
			defaultConfigurationIsVisible = 0;
			defaultConfigurationName = Release;
		};
		A078E37E2473BC080025CE47 /* Build configuration list for PBXNativeTarget "TencentKeyboardUITests" */ = {
			isa = XCConfigurationList;
			buildConfigurations = (
				A078E37F2473BC080025CE47 /* Debug */,
				A078E3802473BC080025CE47 /* Release */,
			);
			defaultConfigurationIsVisible = 0;
			defaultConfigurationName = Release;
		};
/* End XCConfigurationList section */
	};
	rootObject = A078E3412473BC030025CE47 /* Project object */;
}
